// !$*UTF8*$!
{
	archiveVersion = 1;
	classes = {
	};
	objectVersion = 50;
	objects = {

/* Begin PBXBuildFile section */
		4F095A3F24BF404A004DD829 /* Favorite.json in Resources */ = {isa = PBXBuildFile; fileRef = 4F095A3E24BF4049004DD829 /* Favorite.json */; };
		4F095A4124BF80CB004DD829 /* SingleQuoteF.swift in Sources */ = {isa = PBXBuildFile; fileRef = 4F095A4024BF80CB004DD829 /* SingleQuoteF.swift */; };
		4F2F635924BE3A6000A70846 /* AppDelegate.swift in Sources */ = {isa = PBXBuildFile; fileRef = 4F2F635824BE3A6000A70846 /* AppDelegate.swift */; };
		4F2F635B24BE3A6000A70846 /* ViewController.swift in Sources */ = {isa = PBXBuildFile; fileRef = 4F2F635A24BE3A6000A70846 /* ViewController.swift */; };
		4F2F635E24BE3A6000A70846 /* Main.storyboard in Resources */ = {isa = PBXBuildFile; fileRef = 4F2F635C24BE3A6000A70846 /* Main.storyboard */; };
		4F2F636024BE3A6100A70846 /* Assets.xcassets in Resources */ = {isa = PBXBuildFile; fileRef = 4F2F635F24BE3A6100A70846 /* Assets.xcassets */; };
		4F2F636324BE3A6100A70846 /* LaunchScreen.storyboard in Resources */ = {isa = PBXBuildFile; fileRef = 4F2F636124BE3A6100A70846 /* LaunchScreen.storyboard */; };
		4F2F636E24BE3A6200A70846 /* Quote_AppTests.swift in Sources */ = {isa = PBXBuildFile; fileRef = 4F2F636D24BE3A6200A70846 /* Quote_AppTests.swift */; };
		4F2F637924BE3A6200A70846 /* Quote_AppUITests.swift in Sources */ = {isa = PBXBuildFile; fileRef = 4F2F637824BE3A6200A70846 /* Quote_AppUITests.swift */; };
		4F2F638724BE9E0C00A70846 /* Favorite.swift in Sources */ = {isa = PBXBuildFile; fileRef = 4F2F638624BE9E0C00A70846 /* Favorite.swift */; };
		4F2F638B24BEBB2C00A70846 /* FavoriteClass.swift in Sources */ = {isa = PBXBuildFile; fileRef = 4F2F638A24BEBB2B00A70846 /* FavoriteClass.swift */; };
/* End PBXBuildFile section */

/* Begin PBXContainerItemProxy section */
		4F2F636A24BE3A6200A70846 /* PBXContainerItemProxy */ = {
			isa = PBXContainerItemProxy;
			containerPortal = 4F2F634D24BE3A6000A70846 /* Project object */;
			proxyType = 1;
			remoteGlobalIDString = 4F2F635424BE3A6000A70846;
			remoteInfo = "Quote App";
		};
		4F2F637524BE3A6200A70846 /* PBXContainerItemProxy */ = {
			isa = PBXContainerItemProxy;
			containerPortal = 4F2F634D24BE3A6000A70846 /* Project object */;
			proxyType = 1;
			remoteGlobalIDString = 4F2F635424BE3A6000A70846;
			remoteInfo = "Quote App";
		};
/* End PBXContainerItemProxy section */

/* Begin PBXFileReference section */
		4F095A3E24BF4049004DD829 /* Favorite.json */ = {isa = PBXFileReference; fileEncoding = 4; lastKnownFileType = text.json; path = Favorite.json; sourceTree = "<group>"; };
		4F095A4024BF80CB004DD829 /* SingleQuoteF.swift */ = {isa = PBXFileReference; lastKnownFileType = sourcecode.swift; path = SingleQuoteF.swift; sourceTree = "<group>"; };
		4F2F635524BE3A6000A70846 /* Quote App.app */ = {isa = PBXFileReference; explicitFileType = wrapper.application; includeInIndex = 0; path = "Quote App.app"; sourceTree = BUILT_PRODUCTS_DIR; };
		4F2F635824BE3A6000A70846 /* AppDelegate.swift */ = {isa = PBXFileReference; lastKnownFileType = sourcecode.swift; path = AppDelegate.swift; sourceTree = "<group>"; };
		4F2F635A24BE3A6000A70846 /* ViewController.swift */ = {isa = PBXFileReference; lastKnownFileType = sourcecode.swift; path = ViewController.swift; sourceTree = "<group>"; };
		4F2F635D24BE3A6000A70846 /* Base */ = {isa = PBXFileReference; lastKnownFileType = file.storyboard; name = Base; path = Base.lproj/Main.storyboard; sourceTree = "<group>"; };
		4F2F635F24BE3A6100A70846 /* Assets.xcassets */ = {isa = PBXFileReference; lastKnownFileType = folder.assetcatalog; path = Assets.xcassets; sourceTree = "<group>"; };
		4F2F636224BE3A6100A70846 /* Base */ = {isa = PBXFileReference; lastKnownFileType = file.storyboard; name = Base; path = Base.lproj/LaunchScreen.storyboard; sourceTree = "<group>"; };
		4F2F636424BE3A6100A70846 /* Info.plist */ = {isa = PBXFileReference; lastKnownFileType = text.plist.xml; path = Info.plist; sourceTree = "<group>"; };
		4F2F636924BE3A6200A70846 /* Quote AppTests.xctest */ = {isa = PBXFileReference; explicitFileType = wrapper.cfbundle; includeInIndex = 0; path = "Quote AppTests.xctest"; sourceTree = BUILT_PRODUCTS_DIR; };
		4F2F636D24BE3A6200A70846 /* Quote_AppTests.swift */ = {isa = PBXFileReference; lastKnownFileType = sourcecode.swift; path = Quote_AppTests.swift; sourceTree = "<group>"; };
		4F2F636F24BE3A6200A70846 /* Info.plist */ = {isa = PBXFileReference; lastKnownFileType = text.plist.xml; path = Info.plist; sourceTree = "<group>"; };
		4F2F637424BE3A6200A70846 /* Quote AppUITests.xctest */ = {isa = PBXFileReference; explicitFileType = wrapper.cfbundle; includeInIndex = 0; path = "Quote AppUITests.xctest"; sourceTree = BUILT_PRODUCTS_DIR; };
		4F2F637824BE3A6200A70846 /* Quote_AppUITests.swift */ = {isa = PBXFileReference; lastKnownFileType = sourcecode.swift; path = Quote_AppUITests.swift; sourceTree = "<group>"; };
		4F2F637A24BE3A6200A70846 /* Info.plist */ = {isa = PBXFileReference; lastKnownFileType = text.plist.xml; path = Info.plist; sourceTree = "<group>"; };
		4F2F638624BE9E0C00A70846 /* Favorite.swift */ = {isa = PBXFileReference; lastKnownFileType = sourcecode.swift; path = Favorite.swift; sourceTree = "<group>"; };
		4F2F638A24BEBB2B00A70846 /* FavoriteClass.swift */ = {isa = PBXFileReference; lastKnownFileType = sourcecode.swift; path = FavoriteClass.swift; sourceTree = "<group>"; };
/* End PBXFileReference section */

/* Begin PBXFrameworksBuildPhase section */
		4F2F635224BE3A6000A70846 /* Frameworks */ = {
			isa = PBXFrameworksBuildPhase;
			buildActionMask = 2147483647;
			files = (
			);
			runOnlyForDeploymentPostprocessing = 0;
		};
		4F2F636624BE3A6200A70846 /* Frameworks */ = {
			isa = PBXFrameworksBuildPhase;
			buildActionMask = 2147483647;
			files = (
			);
			runOnlyForDeploymentPostprocessing = 0;
		};
		4F2F637124BE3A6200A70846 /* Frameworks */ = {
			isa = PBXFrameworksBuildPhase;
			buildActionMask = 2147483647;
			files = (
			);
			runOnlyForDeploymentPostprocessing = 0;
		};
/* End PBXFrameworksBuildPhase section */

/* Begin PBXGroup section */
		4F2F634C24BE3A6000A70846 = {
			isa = PBXGroup;
			children = (
				4F2F635724BE3A6000A70846 /* Quote App */,
				4F2F636C24BE3A6200A70846 /* Quote AppTests */,
				4F2F637724BE3A6200A70846 /* Quote AppUITests */,
				4F2F635624BE3A6000A70846 /* Products */,
			);
			sourceTree = "<group>";
		};
		4F2F635624BE3A6000A70846 /* Products */ = {
			isa = PBXGroup;
			children = (
				4F2F635524BE3A6000A70846 /* Quote App.app */,
				4F2F636924BE3A6200A70846 /* Quote AppTests.xctest */,
				4F2F637424BE3A6200A70846 /* Quote AppUITests.xctest */,
			);
			name = Products;
			sourceTree = "<group>";
		};
		4F2F635724BE3A6000A70846 /* Quote App */ = {
			isa = PBXGroup;
			children = (
				4F2F635824BE3A6000A70846 /* AppDelegate.swift */,
				4F2F635A24BE3A6000A70846 /* ViewController.swift */,
				4F095A3E24BF4049004DD829 /* Favorite.json */,
				4F2F638A24BEBB2B00A70846 /* FavoriteClass.swift */,
				4F2F635C24BE3A6000A70846 /* Main.storyboard */,
				4F095A4024BF80CB004DD829 /* SingleQuoteF.swift */,
				4F2F635F24BE3A6100A70846 /* Assets.xcassets */,
				4F2F636124BE3A6100A70846 /* LaunchScreen.storyboard */,
				4F2F636424BE3A6100A70846 /* Info.plist */,
				4F2F638624BE9E0C00A70846 /* Favorite.swift */,
			);
			path = "Quote App";
			sourceTree = "<group>";
		};
		4F2F636C24BE3A6200A70846 /* Quote AppTests */ = {
			isa = PBXGroup;
			children = (
				4F2F636D24BE3A6200A70846 /* Quote_AppTests.swift */,
				4F2F636F24BE3A6200A70846 /* Info.plist */,
			);
			path = "Quote AppTests";
			sourceTree = "<group>";
		};
		4F2F637724BE3A6200A70846 /* Quote AppUITests */ = {
			isa = PBXGroup;
			children = (
				4F2F637824BE3A6200A70846 /* Quote_AppUITests.swift */,
				4F2F637A24BE3A6200A70846 /* Info.plist */,
			);
			path = "Quote AppUITests";
			sourceTree = "<group>";
		};
/* End PBXGroup section */

/* Begin PBXNativeTarget section */
		4F2F635424BE3A6000A70846 /* Quote App */ = {
			isa = PBXNativeTarget;
			buildConfigurationList = 4F2F637D24BE3A6200A70846 /* Build configuration list for PBXNativeTarget "Quote App" */;
			buildPhases = (
				4F2F635124BE3A6000A70846 /* Sources */,
				4F2F635224BE3A6000A70846 /* Frameworks */,
				4F2F635324BE3A6000A70846 /* Resources */,
			);
			buildRules = (
			);
			dependencies = (
			);
			name = "Quote App";
			productName = "Quote App";
			productReference = 4F2F635524BE3A6000A70846 /* Quote App.app */;
			productType = "com.apple.product-type.application";
		};
		4F2F636824BE3A6200A70846 /* Quote AppTests */ = {
			isa = PBXNativeTarget;
			buildConfigurationList = 4F2F638024BE3A6200A70846 /* Build configuration list for PBXNativeTarget "Quote AppTests" */;
			buildPhases = (
				4F2F636524BE3A6200A70846 /* Sources */,
				4F2F636624BE3A6200A70846 /* Frameworks */,
				4F2F636724BE3A6200A70846 /* Resources */,
			);
			buildRules = (
			);
			dependencies = (
				4F2F636B24BE3A6200A70846 /* PBXTargetDependency */,
			);
			name = "Quote AppTests";
			productName = "Quote AppTests";
			productReference = 4F2F636924BE3A6200A70846 /* Quote AppTests.xctest */;
			productType = "com.apple.product-type.bundle.unit-test";
		};
		4F2F637324BE3A6200A70846 /* Quote AppUITests */ = {
			isa = PBXNativeTarget;
			buildConfigurationList = 4F2F638324BE3A6200A70846 /* Build configuration list for PBXNativeTarget "Quote AppUITests" */;
			buildPhases = (
				4F2F637024BE3A6200A70846 /* Sources */,
				4F2F637124BE3A6200A70846 /* Frameworks */,
				4F2F637224BE3A6200A70846 /* Resources */,
			);
			buildRules = (
			);
			dependencies = (
				4F2F637624BE3A6200A70846 /* PBXTargetDependency */,
			);
			name = "Quote AppUITests";
			productName = "Quote AppUITests";
			productReference = 4F2F637424BE3A6200A70846 /* Quote AppUITests.xctest */;
			productType = "com.apple.product-type.bundle.ui-testing";
		};
/* End PBXNativeTarget section */

/* Begin PBXProject section */
		4F2F634D24BE3A6000A70846 /* Project object */ = {
			isa = PBXProject;
			attributes = {
				LastSwiftUpdateCheck = 1030;
				LastUpgradeCheck = 1030;
				ORGANIZATIONNAME = "Lujain Alkhamees";
				TargetAttributes = {
					4F2F635424BE3A6000A70846 = {
						CreatedOnToolsVersion = 10.3;
					};
					4F2F636824BE3A6200A70846 = {
						CreatedOnToolsVersion = 10.3;
						TestTargetID = 4F2F635424BE3A6000A70846;
					};
					4F2F637324BE3A6200A70846 = {
						CreatedOnToolsVersion = 10.3;
						TestTargetID = 4F2F635424BE3A6000A70846;
					};
				};
			};
			buildConfigurationList = 4F2F635024BE3A6000A70846 /* Build configuration list for PBXProject "Quote App" */;
			compatibilityVersion = "Xcode 9.3";
			developmentRegion = en;
			hasScannedForEncodings = 0;
			knownRegions = (
				en,
				Base,
			);
			mainGroup = 4F2F634C24BE3A6000A70846;
			productRefGroup = 4F2F635624BE3A6000A70846 /* Products */;
			projectDirPath = "";
			projectRoot = "";
			targets = (
				4F2F635424BE3A6000A70846 /* Quote App */,
				4F2F636824BE3A6200A70846 /* Quote AppTests */,
				4F2F637324BE3A6200A70846 /* Quote AppUITests */,
			);
		};
/* End PBXProject section */

/* Begin PBXResourcesBuildPhase section */
		4F2F635324BE3A6000A70846 /* Resources */ = {
			isa = PBXResourcesBuildPhase;
			buildActionMask = 2147483647;
			files = (
				4F2F636324BE3A6100A70846 /* LaunchScreen.storyboard in Resources */,
				4F095A3F24BF404A004DD829 /* Favorite.json in Resources */,
				4F2F636024BE3A6100A70846 /* Assets.xcassets in Resources */,
				4F2F635E24BE3A6000A70846 /* Main.storyboard in Resources */,
			);
			runOnlyForDeploymentPostprocessing = 0;
		};
		4F2F636724BE3A6200A70846 /* Resources */ = {
			isa = PBXResourcesBuildPhase;
			buildActionMask = 2147483647;
			files = (
			);
			runOnlyForDeploymentPostprocessing = 0;
		};
		4F2F637224BE3A6200A70846 /* Resources */ = {
			isa = PBXResourcesBuildPhase;
			buildActionMask = 2147483647;
			files = (
			);
			runOnlyForDeploymentPostprocessing = 0;
		};
/* End PBXResourcesBuildPhase section */

/* Begin PBXSourcesBuildPhase section */
		4F2F635124BE3A6000A70846 /* Sources */ = {
			isa = PBXSourcesBuildPhase;
			buildActionMask = 2147483647;
			files = (
				4F095A4124BF80CB004DD829 /* SingleQuoteF.swift in Sources */,
				4F2F638B24BEBB2C00A70846 /* FavoriteClass.swift in Sources */,
				4F2F638724BE9E0C00A70846 /* Favorite.swift in Sources */,
				4F2F635B24BE3A6000A70846 /* ViewController.swift in Sources */,
				4F2F635924BE3A6000A70846 /* AppDelegate.swift in Sources */,
			);
			runOnlyForDeploymentPostprocessing = 0;
		};
		4F2F636524BE3A6200A70846 /* Sources */ = {
			isa = PBXSourcesBuildPhase;
			buildActionMask = 2147483647;
			files = (
				4F2F636E24BE3A6200A70846 /* Quote_AppTests.swift in Sources */,
			);
			runOnlyForDeploymentPostprocessing = 0;
		};
		4F2F637024BE3A6200A70846 /* Sources */ = {
			isa = PBXSourcesBuildPhase;
			buildActionMask = 2147483647;
			files = (
				4F2F637924BE3A6200A70846 /* Quote_AppUITests.swift in Sources */,
			);
			runOnlyForDeploymentPostprocessing = 0;
		};
/* End PBXSourcesBuildPhase section */

/* Begin PBXTargetDependency section */
		4F2F636B24BE3A6200A70846 /* PBXTargetDependency */ = {
			isa = PBXTargetDependency;
			target = 4F2F635424BE3A6000A70846 /* Quote App */;
			targetProxy = 4F2F636A24BE3A6200A70846 /* PBXContainerItemProxy */;
		};
		4F2F637624BE3A6200A70846 /* PBXTargetDependency */ = {
			isa = PBXTargetDependency;
			target = 4F2F635424BE3A6000A70846 /* Quote App */;
			targetProxy = 4F2F637524BE3A6200A70846 /* PBXContainerItemProxy */;
		};
/* End PBXTargetDependency section */

/* Begin PBXVariantGroup section */
		4F2F635C24BE3A6000A70846 /* Main.storyboard */ = {
			isa = PBXVariantGroup;
			children = (
				4F2F635D24BE3A6000A70846 /* Base */,
			);
			name = Main.storyboard;
			sourceTree = "<group>";
		};
		4F2F636124BE3A6100A70846 /* LaunchScreen.storyboard */ = {
			isa = PBXVariantGroup;
			children = (
				4F2F636224BE3A6100A70846 /* Base */,
			);
			name = LaunchScreen.storyboard;
			sourceTree = "<group>";
		};
/* End PBXVariantGroup section */

/* Begin XCBuildConfiguration section */
		4F2F637B24BE3A6200A70846 /* Debug */ = {
			isa = XCBuildConfiguration;
			buildSettings = {
				ALWAYS_SEARCH_USER_PATHS = NO;
				CLANG_ANALYZER_NONNULL = YES;
				CLANG_ANALYZER_NUMBER_OBJECT_CONVERSION = YES_AGGRESSIVE;
				CLANG_CXX_LANGUAGE_STANDARD = "gnu++14";
				CLANG_CXX_LIBRARY = "libc++";
				CLANG_ENABLE_MODULES = YES;
				CLANG_ENABLE_OBJC_ARC = YES;
				CLANG_ENABLE_OBJC_WEAK = YES;
				CLANG_WARN_BLOCK_CAPTURE_AUTORELEASING = YES;
				CLANG_WARN_BOOL_CONVERSION = YES;
				CLANG_WARN_COMMA = YES;
				CLANG_WARN_CONSTANT_CONVERSION = YES;
				CLANG_WARN_DEPRECATED_OBJC_IMPLEMENTATIONS = YES;
				CLANG_WARN_DIRECT_OBJC_ISA_USAGE = YES_ERROR;
				CLANG_WARN_DOCUMENTATION_COMMENTS = YES;
				CLANG_WARN_EMPTY_BODY = YES;
				CLANG_WARN_ENUM_CONVERSION = YES;
				CLANG_WARN_INFINITE_RECURSION = YES;
				CLANG_WARN_INT_CONVERSION = YES;
				CLANG_WARN_NON_LITERAL_NULL_CONVERSION = YES;
				CLANG_WARN_OBJC_IMPLICIT_RETAIN_SELF = YES;
				CLANG_WARN_OBJC_LITERAL_CONVERSION = YES;
				CLANG_WARN_OBJC_ROOT_CLASS = YES_ERROR;
				CLANG_WARN_RANGE_LOOP_ANALYSIS = YES;
				CLANG_WARN_STRICT_PROTOTYPES = YES;
				CLANG_WARN_SUSPICIOUS_MOVE = YES;
				CLANG_WARN_UNGUARDED_AVAILABILITY = YES_AGGRESSIVE;
				CLANG_WARN_UNREACHABLE_CODE = YES;
				CLANG_WARN__DUPLICATE_METHOD_MATCH = YES;
				CODE_SIGN_IDENTITY = "iPhone Developer";
				COPY_PHASE_STRIP = NO;
				DEBUG_INFORMATION_FORMAT = dwarf;
				ENABLE_STRICT_OBJC_MSGSEND = YES;
				ENABLE_TESTABILITY = YES;
				GCC_C_LANGUAGE_STANDARD = gnu11;
				GCC_DYNAMIC_NO_PIC = NO;
				GCC_NO_COMMON_BLOCKS = YES;
				GCC_OPTIMIZATION_LEVEL = 0;
				GCC_PREPROCESSOR_DEFINITIONS = (
					"DEBUG=1",
					"$(inherited)",
				);
				GCC_WARN_64_TO_32_BIT_CONVERSION = YES;
				GCC_WARN_ABOUT_RETURN_TYPE = YES_ERROR;
				GCC_WARN_UNDECLARED_SELECTOR = YES;
				GCC_WARN_UNINITIALIZED_AUTOS = YES_AGGRESSIVE;
				GCC_WARN_UNUSED_FUNCTION = YES;
				GCC_WARN_UNUSED_VARIABLE = YES;
				IPHONEOS_DEPLOYMENT_TARGET = 12.4;
				MTL_ENABLE_DEBUG_INFO = INCLUDE_SOURCE;
				MTL_FAST_MATH = YES;
				ONLY_ACTIVE_ARCH = YES;
				SDKROOT = iphoneos;
				SWIFT_ACTIVE_COMPILATION_CONDITIONS = DEBUG;
				SWIFT_OPTIMIZATION_LEVEL = "-Onone";
			};
			name = Debug;
		};
		4F2F637C24BE3A6200A70846 /* Release */ = {
			isa = XCBuildConfiguration;
			buildSettings = {
				ALWAYS_SEARCH_USER_PATHS = NO;
				CLANG_ANALYZER_NONNULL = YES;
				CLANG_ANALYZER_NUMBER_OBJECT_CONVERSION = YES_AGGRESSIVE;
				CLANG_CXX_LANGUAGE_STANDARD = "gnu++14";
				CLANG_CXX_LIBRARY = "libc++";
				CLANG_ENABLE_MODULES = YES;
				CLANG_ENABLE_OBJC_ARC = YES;
				CLANG_ENABLE_OBJC_WEAK = YES;
				CLANG_WARN_BLOCK_CAPTURE_AUTORELEASING = YES;
				CLANG_WARN_BOOL_CONVERSION = YES;
				CLANG_WARN_COMMA = YES;
				CLANG_WARN_CONSTANT_CONVERSION = YES;
				CLANG_WARN_DEPRECATED_OBJC_IMPLEMENTATIONS = YES;
				CLANG_WARN_DIRECT_OBJC_ISA_USAGE = YES_ERROR;
				CLANG_WARN_DOCUMENTATION_COMMENTS = YES;
				CLANG_WARN_EMPTY_BODY = YES;
				CLANG_WARN_ENUM_CONVERSION = YES;
				CLANG_WARN_INFINITE_RECURSION = YES;
				CLANG_WARN_INT_CONVERSION = YES;
				CLANG_WARN_NON_LITERAL_NULL_CONVERSION = YES;
				CLANG_WARN_OBJC_IMPLICIT_RETAIN_SELF = YES;
				CLANG_WARN_OBJC_LITERAL_CONVERSION = YES;
				CLANG_WARN_OBJC_ROOT_CLASS = YES_ERROR;
				CLANG_WARN_RANGE_LOOP_ANALYSIS = YES;
				CLANG_WARN_STRICT_PROTOTYPES = YES;
				CLANG_WARN_SUSPICIOUS_MOVE = YES;
				CLANG_WARN_UNGUARDED_AVAILABILITY = YES_AGGRESSIVE;
				CLANG_WARN_UNREACHABLE_CODE = YES;
				CLANG_WARN__DUPLICATE_METHOD_MATCH = YES;
				CODE_SIGN_IDENTITY = "iPhone Developer";
				COPY_PHASE_STRIP = NO;
				DEBUG_INFORMATION_FORMAT = "dwarf-with-dsym";
				ENABLE_NS_ASSERTIONS = NO;
				ENABLE_STRICT_OBJC_MSGSEND = YES;
				GCC_C_LANGUAGE_STANDARD = gnu11;
				GCC_NO_COMMON_BLOCKS = YES;
				GCC_WARN_64_TO_32_BIT_CONVERSION = YES;
				GCC_WARN_ABOUT_RETURN_TYPE = YES_ERROR;
				GCC_WARN_UNDECLARED_SELECTOR = YES;
				GCC_WARN_UNINITIALIZED_AUTOS = YES_AGGRESSIVE;
				GCC_WARN_UNUSED_FUNCTION = YES;
				GCC_WARN_UNUSED_VARIABLE = YES;
				IPHONEOS_DEPLOYMENT_TARGET = 12.4;
				MTL_ENABLE_DEBUG_INFO = NO;
				MTL_FAST_MATH = YES;
				SDKROOT = iphoneos;
				SWIFT_COMPILATION_MODE = wholemodule;
				SWIFT_OPTIMIZATION_LEVEL = "-O";
				VALIDATE_PRODUCT = YES;
			};
			name = Release;
		};
		4F2F637E24BE3A6200A70846 /* Debug */ = {
			isa = XCBuildConfiguration;
			buildSettings = {
				ASSETCATALOG_COMPILER_APPICON_NAME = AppIcon;
				CODE_SIGN_STYLE = Automatic;
				DEVELOPMENT_TEAM = AZ6XQKHWXK;
				INFOPLIST_FILE = "Quote App/Info.plist";
				IPHONEOS_DEPLOYMENT_TARGET = 11.0;
				LD_RUNPATH_SEARCH_PATHS = (
					"$(inherited)",
					"@executable_path/Frameworks",
				);
				PRODUCT_BUNDLE_IDENTIFIER = "com.test.Quote-App";
				PRODUCT_NAME = "$(TARGET_NAME)";
				SWIFT_VERSION = 5.0;
				TARGETED_DEVICE_FAMILY = "1,2";
			};
			name = Debug;
		};
		4F2F637F24BE3A6200A70846 /* Release */ = {
			isa = XCBuildConfiguration;
			buildSettings = {
				ASSETCATALOG_COMPILER_APPICON_NAME = AppIcon;
				CODE_SIGN_STYLE = Automatic;
				DEVELOPMENT_TEAM = AZ6XQKHWXK;
				INFOPLIST_FILE = "Quote App/Info.plist";
				IPHONEOS_DEPLOYMENT_TARGET = 11.0;
				LD_RUNPATH_SEARCH_PATHS = (
					"$(inherited)",
					"@executable_path/Frameworks",
				);
				PRODUCT_BUNDLE_IDENTIFIER = "com.test.Quote-App";
				PRODUCT_NAME = "$(TARGET_NAME)";
				SWIFT_VERSION = 5.0;
				TARGETED_DEVICE_FAMILY = "1,2";
			};
			name = Release;
		};
		4F2F638124BE3A6200A70846 /* Debug */ = {
			isa = XCBuildConfiguration;
			buildSettings = {
				ALWAYS_EMBED_SWIFT_STANDARD_LIBRARIES = YES;
				BUNDLE_LOADER = "$(TEST_HOST)";
				CODE_SIGN_STYLE = Automatic;
				DEVELOPMENT_TEAM = AZ6XQKHWXK;
				INFOPLIST_FILE = "Quote AppTests/Info.plist";
				LD_RUNPATH_SEARCH_PATHS = (
					"$(inherited)",
					"@executable_path/Frameworks",
					"@loader_path/Frameworks",
				);
				PRODUCT_BUNDLE_IDENTIFIER = "com.test.Quote-AppTests";
				PRODUCT_NAME = "$(TARGET_NAME)";
				SWIFT_VERSION = 5.0;
				TARGETED_DEVICE_FAMILY = "1,2";
				TEST_HOST = "$(BUILT_PRODUCTS_DIR)/Quote App.app/Quote App";
			};
			name = Debug;
		};
		4F2F638224BE3A6200A70846 /* Release */ = {
			isa = XCBuildConfiguration;
			buildSettings = {
				ALWAYS_EMBED_SWIFT_STANDARD_LIBRARIES = YES;
				BUNDLE_LOADER = "$(TEST_HOST)";
				CODE_SIGN_STYLE = Automatic;
				DEVELOPMENT_TEAM = AZ6XQKHWXK;
				INFOPLIST_FILE = "Quote AppTests/Info.plist";
				LD_RUNPATH_SEARCH_PATHS = (
					"$(inherited)",
					"@executable_path/Frameworks",
					"@loader_path/Frameworks",
				);
				PRODUCT_BUNDLE_IDENTIFIER = "com.test.Quote-AppTests";
				PRODUCT_NAME = "$(TARGET_NAME)";
				SWIFT_VERSION = 5.0;
				TARGETED_DEVICE_FAMILY = "1,2";
				TEST_HOST = "$(BUILT_PRODUCTS_DIR)/Quote App.app/Quote App";
			};
			name = Release;
		};
		4F2F638424BE3A6200A70846 /* Debug */ = {
			isa = XCBuildConfiguration;
			buildSettings = {
				ALWAYS_EMBED_SWIFT_STANDARD_LIBRARIES = YES;
				CODE_SIGN_STYLE = Automatic;
				DEVELOPMENT_TEAM = AZ6XQKHWXK;
				INFOPLIST_FILE = "Quote AppUITests/Info.plist";
				LD_RUNPATH_SEARCH_PATHS = (
					"$(inherited)",
					"@executable_path/Frameworks",
					"@loader_path/Frameworks",
				);
				PRODUCT_BUNDLE_IDENTIFIER = "com.test.Quote-AppUITests";
				PRODUCT_NAME = "$(TARGET_NAME)";
				SWIFT_VERSION = 5.0;
				TARGETED_DEVICE_FAMILY = "1,2";
				TEST_TARGET_NAME = "Quote App";
			};
			name = Debug;
		};
		4F2F638524BE3A6200A70846 /* Release */ = {
			isa = XCBuildConfiguration;
			buildSettings = {
				ALWAYS_EMBED_SWIFT_STANDARD_LIBRARIES = YES;
				CODE_SIGN_STYLE = Automatic;
				DEVELOPMENT_TEAM = AZ6XQKHWXK;
				INFOPLIST_FILE = "Quote AppUITests/Info.plist";
				LD_RUNPATH_SEARCH_PATHS = (
					"$(inherited)",
					"@executable_path/Frameworks",
					"@loader_path/Frameworks",
				);
				PRODUCT_BUNDLE_IDENTIFIER = "com.test.Quote-AppUITests";
				PRODUCT_NAME = "$(TARGET_NAME)";
				SWIFT_VERSION = 5.0;
				TARGETED_DEVICE_FAMILY = "1,2";
				TEST_TARGET_NAME = "Quote App";
			};
			name = Release;
		};
/* End XCBuildConfiguration section */

/* Begin XCConfigurationList section */
		4F2F635024BE3A6000A70846 /* Build configuration list for PBXProject "Quote App" */ = {
			isa = XCConfigurationList;
			buildConfigurations = (
				4F2F637B24BE3A6200A70846 /* Debug */,
				4F2F637C24BE3A6200A70846 /* Release */,
			);
			defaultConfigurationIsVisible = 0;
			defaultConfigurationName = Release;
		};
		4F2F637D24BE3A6200A70846 /* Build configuration list for PBXNativeTarget "Quote App" */ = {
			isa = XCConfigurationList;
			buildConfigurations = (
				4F2F637E24BE3A6200A70846 /* Debug */,
				4F2F637F24BE3A6200A70846 /* Release */,
			);
			defaultConfigurationIsVisible = 0;
			defaultConfigurationName = Release;
		};
		4F2F638024BE3A6200A70846 /* Build configuration list for PBXNativeTarget "Quote AppTests" */ = {
			isa = XCConfigurationList;
			buildConfigurations = (
				4F2F638124BE3A6200A70846 /* Debug */,
				4F2F638224BE3A6200A70846 /* Release */,
			);
			defaultConfigurationIsVisible = 0;
			defaultConfigurationName = Release;
		};
		4F2F638324BE3A6200A70846 /* Build configuration list for PBXNativeTarget "Quote AppUITests" */ = {
			isa = XCConfigurationList;
			buildConfigurations = (
				4F2F638424BE3A6200A70846 /* Debug */,
				4F2F638524BE3A6200A70846 /* Release */,
			);
			defaultConfigurationIsVisible = 0;
			defaultConfigurationName = Release;
		};
/* End XCConfigurationList section */
	};
	rootObject = 4F2F634D24BE3A6000A70846 /* Project object */;
}
